
Microsoft Visual Studio Solution File, Format Version 12.00
# Visual Studio 14
VisualStudioVersion = 14.0.25420.1
MinimumVisualStudioVersion = 10.0.40219.1
Project("{FAE04EC0-301F-11D3-BF4B-00C04F79EFBC}") = "SDiZO_2", "SDiZO_2.csproj", "{9B558A7A-D7E4-4FB8-AD8A-1A5752A62F19}"
EndProject
Global
	GlobalSection(SolutionConfigurationPlatforms) = preSolution
		Debug|Any CPU = Debug|Any CPU
		Release|Any CPU = Release|Any CPU
	EndGlobalSection
	GlobalSection(ProjectConfigurationPlatforms) = postSolution
		{9B558A7A-D7E4-4FB8-AD8A-1A5752A62F19}.Debug|Any CPU.ActiveCfg = Debug|Any CPU
		{9B558A7A-D7E4-4FB8-AD8A-1A5752A62F19}.Debug|Any CPU.Build.0 = Debug|Any CPU
		{9B558A7A-D7E4-4FB8-AD8A-1A5752A62F19}.Release|Any CPU.ActiveCfg = Release|Any CPU
		{9B558A7A-D7E4-4FB8-AD8A-1A5752A62F19}.Release|Any CPU.Build.0 = Release|Any CPU
	EndGlobalSection
	GlobalSection(SolutionProperties) = preSolution
		HideSolutionNode = FALSE
	EndGlobalSection
EndGlobal
